Microsoft Visual Studio Solution File, Format Version 12.00
# Visual Studio Version 17
VisualStudioVersion = 17.5.33530.505
MinimumVisualStudioVersion = 10.0.40219.1
Project("{2150E333-8FDC-42A3-9474-1A3956D46DE8}") = "Solution Items", "Solution Items", "{C07F0EF8-F566-4F3F-BABA-7B5796491863}"
	ProjectSection(SolutionItems) = preProject
		.editorconfig = .editorconfig
		Directory.Build.props = Directory.Build.props
		Directory.Packages.props = Directory.Packages.props
	EndProjectSection
EndProject
Project("{9A19103F-16F7-4668-BE54-9A1E7A4F7556}") = "Services", "Services\Services.csproj", "{881B33DE-1523-4B4E-9D70-41790C2B2783}"
EndProject
Project("{9A19103F-16F7-4668-BE54-9A1E7A4F7556}") = "Tests", "Tests\Tests.csproj", "{E6DBF2DA-2E36-4C9D-86B4-C6D134689802}"
EndProject
Project("{9A19103F-16F7-4668-BE54-9A1E7A4F7556}") = "Model", "Model\Model.csproj", "{5314128B-CD5D-45E7-8AAC-833D3339D9C4}"
EndProject
Project("{9A19103F-16F7-4668-BE54-9A1E7A4F7556}") = "Entity", "Entity\Entity.csproj", "{FCEEF308-46AB-49DD-AC13-BA111F5EA73F}"
EndProject
Project("{9A19103F-16F7-4668-BE54-9A1E7A4F7556}") = "DataLayer", "DataLayer\DataLayer.csproj", "{3DD4B466-7601-45C3-BC59-8C6536838DB4}"
EndProject
Project("{9A19103F-16F7-4668-BE54-9A1E7A4F7556}") = "WebAPI", "WebAPI\WebAPI.csproj", "{011EC6D2-4ABB-49C0-97A1-EAFEF6773D3B}"
EndProject
Project("{9A19103F-16F7-4668-BE54-9A1E7A4F7556}") = "Facades", "Facades\Facades.csproj", "{58F695C2-B623-49B9-A283-279D076765E4}"
EndProject
Project("{9A19103F-16F7-4668-BE54-9A1E7A4F7556}") = "TestsForLocalDebugging", "TestsForLocalDebugging\TestsForLocalDebugging.csproj", "{1F614167-1325-4CBF-AB62-454783E4BAFF}"
EndProject
Project("{9A19103F-16F7-4668-BE54-9A1E7A4F7556}") = "Contracts", "Contracts\Contracts.csproj", "{040DDD2D-0D77-4809-A269-EB9773BFB11B}"
EndProject
Project("{9A19103F-16F7-4668-BE54-9A1E7A4F7556}") = "DependencyInjection", "DependencyInjection\DependencyInjection.csproj", "{DB68B947-530A-4B5A-80DE-1D60F629FFAD}"
EndProject
Project("{9A19103F-16F7-4668-BE54-9A1E7A4F7556}") = "Web", "Web\Web.csproj", "{219C1FD7-BEEB-4EE6-BE0F-1FD6BFFD03A2}"
EndProject
Global
	GlobalSection(SolutionConfigurationPlatforms) = preSolution
		Debug|Any CPU = Debug|Any CPU
		Release|Any CPU = Release|Any CPU
	EndGlobalSection
	GlobalSection(ProjectConfigurationPlatforms) = postSolution
		{881B33DE-1523-4B4E-9D70-41790C2B2783}.Debug|Any CPU.ActiveCfg = Debug|Any CPU
		{881B33DE-1523-4B4E-9D70-41790C2B2783}.Debug|Any CPU.Build.0 = Debug|Any CPU
		{881B33DE-1523-4B4E-9D70-41790C2B2783}.Release|Any CPU.ActiveCfg = Release|Any CPU
		{881B33DE-1523-4B4E-9D70-41790C2B2783}.Release|Any CPU.Build.0 = Release|Any CPU
		{E6DBF2DA-2E36-4C9D-86B4-C6D134689802}.Debug|Any CPU.ActiveCfg = Debug|Any CPU
		{E6DBF2DA-2E36-4C9D-86B4-C6D134689802}.Debug|Any CPU.Build.0 = Debug|Any CPU
		{E6DBF2DA-2E36-4C9D-86B4-C6D134689802}.Release|Any CPU.ActiveCfg = Release|Any CPU
		{E6DBF2DA-2E36-4C9D-86B4-C6D134689802}.Release|Any CPU.Build.0 = Release|Any CPU
		{5314128B-CD5D-45E7-8AAC-833D3339D9C4}.Debug|Any CPU.ActiveCfg = Debug|Any CPU
		{5314128B-CD5D-45E7-8AAC-833D3339D9C4}.Debug|Any CPU.Build.0 = Debug|Any CPU
		{5314128B-CD5D-45E7-8AAC-833D3339D9C4}.Release|Any CPU.ActiveCfg = Release|Any CPU
		{5314128B-CD5D-45E7-8AAC-833D3339D9C4}.Release|Any CPU.Build.0 = Release|Any CPU
		{FCEEF308-46AB-49DD-AC13-BA111F5EA73F}.Debug|Any CPU.ActiveCfg = Debug|Any CPU
		{FCEEF308-46AB-49DD-AC13-BA111F5EA73F}.Debug|Any CPU.Build.0 = Debug|Any CPU
		{FCEEF308-46AB-49DD-AC13-BA111F5EA73F}.Release|Any CPU.ActiveCfg = Release|Any CPU
		{FCEEF308-46AB-49DD-AC13-BA111F5EA73F}.Release|Any CPU.Build.0 = Release|Any CPU
		{3DD4B466-7601-45C3-BC59-8C6536838DB4}.Debug|Any CPU.ActiveCfg = Debug|Any CPU
		{3DD4B466-7601-45C3-BC59-8C6536838DB4}.Debug|Any CPU.Build.0 = Debug|Any CPU
		{3DD4B466-7601-45C3-BC59-8C6536838DB4}.Release|Any CPU.ActiveCfg = Release|Any CPU
		{3DD4B466-7601-45C3-BC59-8C6536838DB4}.Release|Any CPU.Build.0 = Release|Any CPU
		{011EC6D2-4ABB-49C0-97A1-EAFEF6773D3B}.Debug|Any CPU.ActiveCfg = Debug|Any CPU
		{011EC6D2-4ABB-49C0-97A1-EAFEF6773D3B}.Debug|Any CPU.Build.0 = Debug|Any CPU
		{011EC6D2-4ABB-49C0-97A1-EAFEF6773D3B}.Release|Any CPU.ActiveCfg = Release|Any CPU
		{011EC6D2-4ABB-49C0-97A1-EAFEF6773D3B}.Release|Any CPU.Build.0 = Release|Any CPU
		{58F695C2-B623-49B9-A283-279D076765E4}.Debug|Any CPU.ActiveCfg = Debug|Any CPU
		{58F695C2-B623-49B9-A283-279D076765E4}.Debug|Any CPU.Build.0 = Debug|Any CPU
		{58F695C2-B623-49B9-A283-279D076765E4}.Release|Any CPU.ActiveCfg = Release|Any CPU
		{58F695C2-B623-49B9-A283-279D076765E4}.Release|Any CPU.Build.0 = Release|Any CPU
		{1F614167-1325-4CBF-AB62-454783E4BAFF}.Debug|Any CPU.ActiveCfg = Debug|Any CPU
		{1F614167-1325-4CBF-AB62-454783E4BAFF}.Debug|Any CPU.Build.0 = Debug|Any CPU
		{1F614167-1325-4CBF-AB62-454783E4BAFF}.Release|Any CPU.ActiveCfg = Release|Any CPU
		{1F614167-1325-4CBF-AB62-454783E4BAFF}.Release|Any CPU.Build.0 = Release|Any CPU
		{040DDD2D-0D77-4809-A269-EB9773BFB11B}.Debug|Any CPU.ActiveCfg = Debug|Any CPU
		{040DDD2D-0D77-4809-A269-EB9773BFB11B}.Debug|Any CPU.Build.0 = Debug|Any CPU
		{040DDD2D-0D77-4809-A269-EB9773BFB11B}.Release|Any CPU.ActiveCfg = Release|Any CPU
		{040DDD2D-0D77-4809-A269-EB9773BFB11B}.Release|Any CPU.Build.0 = Release|Any CPU
		{DB68B947-530A-4B5A-80DE-1D60F629FFAD}.Debug|Any CPU.ActiveCfg = Debug|Any CPU
		{DB68B947-530A-4B5A-80DE-1D60F629FFAD}.Debug|Any CPU.Build.0 = Debug|Any CPU
		{DB68B947-530A-4B5A-80DE-1D60F629FFAD}.Release|Any CPU.ActiveCfg = Release|Any CPU
		{DB68B947-530A-4B5A-80DE-1D60F629FFAD}.Release|Any CPU.Build.0 = Release|Any CPU
		{219C1FD7-BEEB-4EE6-BE0F-1FD6BFFD03A2}.Debug|Any CPU.ActiveCfg = Debug|Any CPU
		{219C1FD7-BEEB-4EE6-BE0F-1FD6BFFD03A2}.Debug|Any CPU.Build.0 = Debug|Any CPU
		{219C1FD7-BEEB-4EE6-BE0F-1FD6BFFD03A2}.Release|Any CPU.ActiveCfg = Release|Any CPU
		{219C1FD7-BEEB-4EE6-BE0F-1FD6BFFD03A2}.Release|Any CPU.Build.0 = Release|Any CPU
	EndGlobalSection
	GlobalSection(SolutionProperties) = preSolution
		HideSolutionNode = FALSE
	EndGlobalSection
	GlobalSection(ExtensibilityGlobals) = postSolution
		SolutionGuid = {2BDD971F-EDF2-4421-8BE7-CAA15520977D}
	EndGlobalSection
	GlobalSection(Performance) = preSolution
		HasPerformanceSessions = true
	EndGlobalSection
	GlobalSection(Performance) = preSolution
		HasPerformanceSessions = true
	EndGlobalSection
EndGlobal
